
Microsoft Visual Studio Solution File, Format Version 12.00
# Visual Studio 15
VisualStudioVersion = 15.0.28307.1267
MinimumVisualStudioVersion = 10.0.40219.1
Project("{FAE04EC0-301F-11D3-BF4B-00C04F79EFBC}") = "Coffee_Shop_App", "Coffee_Shop_App\Coffee_Shop_App.csproj", "{45D09306-445C-4DD4-82A8-5AB3F5FAF3DC}"
EndProject
Global
	GlobalSection(SolutionConfigurationPlatforms) = preSolution
		Debug|Any CPU = Debug|Any CPU
		Release|Any CPU = Release|Any CPU
	EndGlobalSection
	GlobalSection(ProjectConfigurationPlatforms) = postSolution
		{45D09306-445C-4DD4-82A8-5AB3F5FAF3DC}.Debug|Any CPU.ActiveCfg = Debug|Any CPU
		{45D09306-445C-4DD4-82A8-5AB3F5FAF3DC}.Debug|Any CPU.Build.0 = Debug|Any CPU
		{45D09306-445C-4DD4-82A8-5AB3F5FAF3DC}.Release|Any CPU.ActiveCfg = Release|Any CPU
		{45D09306-445C-4DD4-82A8-5AB3F5FAF3DC}.Release|Any CPU.Build.0 = Release|Any CPU
	EndGlobalSection
	GlobalSection(SolutionProperties) = preSolution
		HideSolutionNode = FALSE
	EndGlobalSection
	GlobalSection(ExtensibilityGlobals) = postSolution
		SolutionGuid = {B787B5F1-F336-4BE9-AF8A-CD2B43C05560}
	EndGlobalSection
EndGlobal
